
Microsoft Visual Studio Solution File, Format Version 12.00
# Visual Studio 2012
Project("{FAE04EC0-301F-11D3-BF4B-00C04F79EFBC}") = "ExampleJekyllSite", "ExampleJekyllSite.csproj", "{C2920E64-C99E-4920-B80B-45C9AF84D2B8}"
EndProject
Global
	GlobalSection(SolutionConfigurationPlatforms) = preSolution
		Debug|Any CPU = Debug|Any CPU
		Release|Any CPU = Release|Any CPU
	EndGlobalSection
	GlobalSection(ProjectConfigurationPlatforms) = postSolution
		{C2920E64-C99E-4920-B80B-45C9AF84D2B8}.Debug|Any CPU.ActiveCfg = Debug|Any CPU
		{C2920E64-C99E-4920-B80B-45C9AF84D2B8}.Debug|Any CPU.Build.0 = Debug|Any CPU
		{C2920E64-C99E-4920-B80B-45C9AF84D2B8}.Release|Any CPU.ActiveCfg = Release|Any CPU
		{C2920E64-C99E-4920-B80B-45C9AF84D2B8}.Release|Any CPU.Build.0 = Release|Any CPU
	EndGlobalSection
	GlobalSection(SolutionProperties) = preSolution
		HideSolutionNode = FALSE
	EndGlobalSection
EndGlobal
